<Solution>
  <Folder Name="/Dependencies/">
    <Project Path="libs/Hermod/Hermod/Hermod.csproj" />
    <Project Path="libs/Hermod/HermodTests/HermodTests.csproj" />
    <Project Path="libs/Ratatoskr/Ratatoskr/Ratatoskr.csproj" />
    <Project Path="libs/Ratatoskr/RatatoskrTests/RatatoskrTests.csproj" />
    <Project Path="libs/Styx/Styx/Styx.csproj" />
    <Project Path="libs/Styx/StyxTests/StyxTests.csproj" />
  </Folder>
  <Project Path="Jabber/Jabber.csproj" />
  <Project Path="Jabber.Tests/Jabber.Tests.csproj" />
</Solution>
